# This file is automatically @generated by Cargo.
# It is not intended for manual editing.
version = 3

[[package]]
name = "dotenv"
version = "0.15.0"
source = "registry+https://github.com/rust-lang/crates.io-index"
checksum = "77c90badedccf4105eca100756a0b1289e191f6fcbdadd3cee1d2f614f97da8f"

[[package]]
name = "mysqlclient-sys"
version = "0.4.1"
source = "registry+https://github.com/rust-lang/crates.io-index"
checksum = "478e2040dbc35c73927b77a2be91a496de19deab376a6982ed61e89592434619"
dependencies = [
 "pkg-config",
 "vcpkg",
]

[[package]]
name = "mysqlclient_example"
version = "0.1.0"
dependencies = [
 "dotenv",
 "mysqlclient-sys",
]

[[package]]
name = "pkg-config"
version = "0.3.30"
source = "registry+https://github.com/rust-lang/crates.io-index"
checksum = "d231b230927b5e4ad203db57bbcbee2802f6bce620b1e4a9024a07d94e2907ec"

[[package]]
name = "vcpkg"
version = "0.2.15"
source = "registry+https://github.com/rust-lang/crates.io-index"
checksum = "accd4ea62f7bb7a82fe23066fb0957d48ef677f6eeb8215f372f52e48bb32426"
